
Microsoft Visual Studio Solution File, Format Version 12.00
Project("{FAE04EC0-301F-11D3-BF4B-00C04F79EFBC}") = "BackgroundAndHostedServices", "BackgroundAndHostedServices\BackgroundAndHostedServices.csproj", "{7113C141-06FA-4509-AD5F-048009A8C742}"
EndProject
Global
	GlobalSection(SolutionConfigurationPlatforms) = preSolution
		Debug|Any CPU = Debug|Any CPU
		Release|Any CPU = Release|Any CPU
	EndGlobalSection
	GlobalSection(ProjectConfigurationPlatforms) = postSolution
		{7113C141-06FA-4509-AD5F-048009A8C742}.Debug|Any CPU.ActiveCfg = Debug|Any CPU
		{7113C141-06FA-4509-AD5F-048009A8C742}.Debug|Any CPU.Build.0 = Debug|Any CPU
		{7113C141-06FA-4509-AD5F-048009A8C742}.Release|Any CPU.ActiveCfg = Release|Any CPU
		{7113C141-06FA-4509-AD5F-048009A8C742}.Release|Any CPU.Build.0 = Release|Any CPU
	EndGlobalSection
EndGlobal
